
Microsoft Visual Studio Solution File, Format Version 12.00
# Visual Studio Version 16
VisualStudioVersion = 16.0.30804.86
MinimumVisualStudioVersion = 10.0.40219.1
Project("{FAE04EC0-301F-11D3-BF4B-00C04F79EFBC}") = "Blog.Data", "Blog.Data\Blog.Data.csproj", "{F5D3075E-57F7-41C5-A0B7-D3421F00C65F}"
EndProject
Global
	GlobalSection(SolutionConfigurationPlatforms) = preSolution
		Debug|Any CPU = Debug|Any CPU
		Release|Any CPU = Release|Any CPU
	EndGlobalSection
	GlobalSection(ProjectConfigurationPlatforms) = postSolution
		{F5D3075E-57F7-41C5-A0B7-D3421F00C65F}.Debug|Any CPU.ActiveCfg = Debug|Any CPU
		{F5D3075E-57F7-41C5-A0B7-D3421F00C65F}.Debug|Any CPU.Build.0 = Debug|Any CPU
		{F5D3075E-57F7-41C5-A0B7-D3421F00C65F}.Release|Any CPU.ActiveCfg = Release|Any CPU
		{F5D3075E-57F7-41C5-A0B7-D3421F00C65F}.Release|Any CPU.Build.0 = Release|Any CPU
	EndGlobalSection
	GlobalSection(SolutionProperties) = preSolution
		HideSolutionNode = FALSE
	EndGlobalSection
	GlobalSection(ExtensibilityGlobals) = postSolution
		SolutionGuid = {67DB199F-37D2-45A8-9FE8-B8D9230A6DC4}
	EndGlobalSection
EndGlobal
